
Microsoft Visual Studio Solution File, Format Version 12.00
# Visual Studio Version 17
VisualStudioVersion = 17.5.002.0
MinimumVisualStudioVersion = 10.0.40219.1
Project("{9A19103F-16F7-4668-BE54-9A1E7A4F7556}") = "BirthSlots", "BirthSlots.csproj", "{7EE757F5-90F5-493A-90BF-87C718AAFECD}"
EndProject
Global
	GlobalSection(SolutionConfigurationPlatforms) = preSolution
		Debug|Any CPU = Debug|Any CPU
		Release|Any CPU = Release|Any CPU
	EndGlobalSection
	GlobalSection(ProjectConfigurationPlatforms) = postSolution
		{7EE757F5-90F5-493A-90BF-87C718AAFECD}.Debug|Any CPU.ActiveCfg = Debug|Any CPU
		{7EE757F5-90F5-493A-90BF-87C718AAFECD}.Debug|Any CPU.Build.0 = Debug|Any CPU
		{7EE757F5-90F5-493A-90BF-87C718AAFECD}.Release|Any CPU.ActiveCfg = Release|Any CPU
		{7EE757F5-90F5-493A-90BF-87C718AAFECD}.Release|Any CPU.Build.0 = Release|Any CPU
	EndGlobalSection
	GlobalSection(SolutionProperties) = preSolution
		HideSolutionNode = FALSE
	EndGlobalSection
	GlobalSection(ExtensibilityGlobals) = postSolution
		SolutionGuid = {FD7D6AED-E195-4058-B5E2-3C7F9CA26923}
	EndGlobalSection
EndGlobal
